
Microsoft Visual Studio Solution File, Format Version 12.00
# Visual Studio Version 17
VisualStudioVersion = 17.3.32811.315
MinimumVisualStudioVersion = 10.0.40219.1
Project("{FAE04EC0-301F-11D3-BF4B-00C04F79EFBC}") = "Cloudinary", "Cloudinary\Cloudinary.csproj", "{F788C3A9-2747-455E-A6D0-96CE7B100FEB}"
EndProject
Global
	GlobalSection(SolutionConfigurationPlatforms) = preSolution
		Debug|Any CPU = Debug|Any CPU
		Release|Any CPU = Release|Any CPU
	EndGlobalSection
	GlobalSection(ProjectConfigurationPlatforms) = postSolution
		{F788C3A9-2747-455E-A6D0-96CE7B100FEB}.Debug|Any CPU.ActiveCfg = Debug|Any CPU
		{F788C3A9-2747-455E-A6D0-96CE7B100FEB}.Debug|Any CPU.Build.0 = Debug|Any CPU
		{F788C3A9-2747-455E-A6D0-96CE7B100FEB}.Release|Any CPU.ActiveCfg = Release|Any CPU
		{F788C3A9-2747-455E-A6D0-96CE7B100FEB}.Release|Any CPU.Build.0 = Release|Any CPU
	EndGlobalSection
	GlobalSection(SolutionProperties) = preSolution
		HideSolutionNode = FALSE
	EndGlobalSection
	GlobalSection(ExtensibilityGlobals) = postSolution
		SolutionGuid = {DD09DE4E-50E5-4695-807A-3590F7AF49B1}
	EndGlobalSection
EndGlobal
